
Microsoft Visual Studio Solution File, Format Version 12.00
# Visual Studio 15
VisualStudioVersion = 15.0.26430.6
MinimumVisualStudioVersion = 10.0.40219.1
Project("{FAE04EC0-301F-11D3-BF4B-00C04F79EFBC}") = "killerAppSemester2", "killerAppSemester2\killerAppSemester2.csproj", "{41806F12-9F99-4825-AEB7-BB90CE471C11}"
EndProject
Project("{FAE04EC0-301F-11D3-BF4B-00C04F79EFBC}") = "killerAppSemester2.Tests", "killerAppSemester2.Tests\killerAppSemester2.Tests.csproj", "{782C90B7-7070-4BF0-AC57-93EC261909D2}"
EndProject
Global
	GlobalSection(SolutionConfigurationPlatforms) = preSolution
		Debug|Any CPU = Debug|Any CPU
		Release|Any CPU = Release|Any CPU
	EndGlobalSection
	GlobalSection(ProjectConfigurationPlatforms) = postSolution
		{41806F12-9F99-4825-AEB7-BB90CE471C11}.Debug|Any CPU.ActiveCfg = Debug|Any CPU
		{41806F12-9F99-4825-AEB7-BB90CE471C11}.Debug|Any CPU.Build.0 = Debug|Any CPU
		{41806F12-9F99-4825-AEB7-BB90CE471C11}.Release|Any CPU.ActiveCfg = Release|Any CPU
		{41806F12-9F99-4825-AEB7-BB90CE471C11}.Release|Any CPU.Build.0 = Release|Any CPU
		{782C90B7-7070-4BF0-AC57-93EC261909D2}.Debug|Any CPU.ActiveCfg = Debug|Any CPU
		{782C90B7-7070-4BF0-AC57-93EC261909D2}.Debug|Any CPU.Build.0 = Debug|Any CPU
		{782C90B7-7070-4BF0-AC57-93EC261909D2}.Release|Any CPU.ActiveCfg = Release|Any CPU
		{782C90B7-7070-4BF0-AC57-93EC261909D2}.Release|Any CPU.Build.0 = Release|Any CPU
	EndGlobalSection
	GlobalSection(SolutionProperties) = preSolution
		HideSolutionNode = FALSE
	EndGlobalSection
EndGlobal
